// !$*UTF8*$!
{
	archiveVersion = 1;
	classes = {
	};
	objectVersion = 46;
	objects = {

/* Begin PBXBuildFile section */
		4F1CDE5D1D904B2700DE449B /* AppDelegate.swift in Sources */ = {isa = PBXBuildFile; fileRef = 4F1CDE5C1D904B2700DE449B /* AppDelegate.swift */; };
		4F1CDE5F1D904B2700DE449B /* ViewController.swift in Sources */ = {isa = PBXBuildFile; fileRef = 4F1CDE5E1D904B2700DE449B /* ViewController.swift */; };
		4F1CDE621D904B2700DE449B /* Main.storyboard in Resources */ = {isa = PBXBuildFile; fileRef = 4F1CDE601D904B2700DE449B /* Main.storyboard */; };
		4F1CDE641D904B2700DE449B /* Assets.xcassets in Resources */ = {isa = PBXBuildFile; fileRef = 4F1CDE631D904B2700DE449B /* Assets.xcassets */; };
		4F1CDE671D904B2700DE449B /* LaunchScreen.storyboard in Resources */ = {isa = PBXBuildFile; fileRef = 4F1CDE651D904B2700DE449B /* LaunchScreen.storyboard */; };
		4F1CDE721D904B2700DE449B /* TippyTests.swift in Sources */ = {isa = PBXBuildFile; fileRef = 4F1CDE711D904B2700DE449B /* TippyTests.swift */; };
		4F7897CC1D905F2D00394A10 /* SettingsViewController.swift in Sources */ = {isa = PBXBuildFile; fileRef = 4F7897CB1D905F2D00394A10 /* SettingsViewController.swift */; };
/* End PBXBuildFile section */

/* Begin PBXContainerItemProxy section */
		4F1CDE6E1D904B2700DE449B /* PBXContainerItemProxy */ = {
			isa = PBXContainerItemProxy;
			containerPortal = 4F1CDE511D904B2700DE449B /* Project object */;
			proxyType = 1;
			remoteGlobalIDString = 4F1CDE581D904B2700DE449B;
			remoteInfo = Tippy;
		};
/* End PBXContainerItemProxy section */

/* Begin PBXFileReference section */
		4F1CDE591D904B2700DE449B /* Tippy.app */ = {isa = PBXFileReference; explicitFileType = wrapper.application; includeInIndex = 0; path = Tippy.app; sourceTree = BUILT_PRODUCTS_DIR; };
		4F1CDE5C1D904B2700DE449B /* AppDelegate.swift */ = {isa = PBXFileReference; lastKnownFileType = sourcecode.swift; path = AppDelegate.swift; sourceTree = "<group>"; };
		4F1CDE5E1D904B2700DE449B /* ViewController.swift */ = {isa = PBXFileReference; lastKnownFileType = sourcecode.swift; path = ViewController.swift; sourceTree = "<group>"; };
		4F1CDE611D904B2700DE449B /* Base */ = {isa = PBXFileReference; lastKnownFileType = file.storyboard; name = Base; path = Base.lproj/Main.storyboard; sourceTree = "<group>"; };
		4F1CDE631D904B2700DE449B /* Assets.xcassets */ = {isa = PBXFileReference; lastKnownFileType = folder.assetcatalog; path = Assets.xcassets; sourceTree = "<group>"; };
		4F1CDE661D904B2700DE449B /* Base */ = {isa = PBXFileReference; lastKnownFileType = file.storyboard; name = Base; path = Base.lproj/LaunchScreen.storyboard; sourceTree = "<group>"; };
		4F1CDE681D904B2700DE449B /* Info.plist */ = {isa = PBXFileReference; lastKnownFileType = text.plist.xml; path = Info.plist; sourceTree = "<group>"; };
		4F1CDE6D1D904B2700DE449B /* TippyTests.xctest */ = {isa = PBXFileReference; explicitFileType = wrapper.cfbundle; includeInIndex = 0; path = TippyTests.xctest; sourceTree = BUILT_PRODUCTS_DIR; };
		4F1CDE711D904B2700DE449B /* TippyTests.swift */ = {isa = PBXFileReference; lastKnownFileType = sourcecode.swift; path = TippyTests.swift; sourceTree = "<group>"; };
		4F1CDE731D904B2700DE449B /* Info.plist */ = {isa = PBXFileReference; lastKnownFileType = text.plist.xml; path = Info.plist; sourceTree = "<group>"; };
		4F7897CB1D905F2D00394A10 /* SettingsViewController.swift */ = {isa = PBXFileReference; fileEncoding = 4; lastKnownFileType = sourcecode.swift; path = SettingsViewController.swift; sourceTree = "<group>"; };
/* End PBXFileReference section */

/* Begin PBXFrameworksBuildPhase section */
		4F1CDE561D904B2700DE449B /* Frameworks */ = {
			isa = PBXFrameworksBuildPhase;
			buildActionMask = 2147483647;
			files = (
			);
			runOnlyForDeploymentPostprocessing = 0;
		};
		4F1CDE6A1D904B2700DE449B /* Frameworks */ = {
			isa = PBXFrameworksBuildPhase;
			buildActionMask = 2147483647;
			files = (
			);
			runOnlyForDeploymentPostprocessing = 0;
		};
/* End PBXFrameworksBuildPhase section */

/* Begin PBXGroup section */
		4F1CDE501D904B2700DE449B = {
			isa = PBXGroup;
			children = (
				4F1CDE5B1D904B2700DE449B /* Tippy */,
				4F1CDE701D904B2700DE449B /* TippyTests */,
				4F1CDE5A1D904B2700DE449B /* Products */,
			);
			sourceTree = "<group>";
		};
		4F1CDE5A1D904B2700DE449B /* Products */ = {
			isa = PBXGroup;
			children = (
				4F1CDE591D904B2700DE449B /* Tippy.app */,
				4F1CDE6D1D904B2700DE449B /* TippyTests.xctest */,
			);
			name = Products;
			sourceTree = "<group>";
		};
		4F1CDE5B1D904B2700DE449B /* Tippy */ = {
			isa = PBXGroup;
			children = (
				4F1CDE5C1D904B2700DE449B /* AppDelegate.swift */,
				4F1CDE5E1D904B2700DE449B /* ViewController.swift */,
				4F1CDE601D904B2700DE449B /* Main.storyboard */,
				4F7897CB1D905F2D00394A10 /* SettingsViewController.swift */,
				4F1CDE631D904B2700DE449B /* Assets.xcassets */,
				4F1CDE651D904B2700DE449B /* LaunchScreen.storyboard */,
				4F1CDE681D904B2700DE449B /* Info.plist */,
			);
			path = Tippy;
			sourceTree = "<group>";
		};
		4F1CDE701D904B2700DE449B /* TippyTests */ = {
			isa = PBXGroup;
			children = (
				4F1CDE711D904B2700DE449B /* TippyTests.swift */,
				4F1CDE731D904B2700DE449B /* Info.plist */,
			);
			path = TippyTests;
			sourceTree = "<group>";
		};
/* End PBXGroup section */

/* Begin PBXNativeTarget section */
		4F1CDE581D904B2700DE449B /* Tippy */ = {
			isa = PBXNativeTarget;
			buildConfigurationList = 4F1CDE761D904B2700DE449B /* Build configuration list for PBXNativeTarget "Tippy" */;
			buildPhases = (
				4F1CDE551D904B2700DE449B /* Sources */,
				4F1CDE561D904B2700DE449B /* Frameworks */,
				4F1CDE571D904B2700DE449B /* Resources */,
			);
			buildRules = (
			);
			dependencies = (
			);
			name = Tippy;
			productName = Tippy;
			productReference = 4F1CDE591D904B2700DE449B /* Tippy.app */;
			productType = "com.apple.product-type.application";
		};
		4F1CDE6C1D904B2700DE449B /* TippyTests */ = {
			isa = PBXNativeTarget;
			buildConfigurationList = 4F1CDE791D904B2700DE449B /* Build configuration list for PBXNativeTarget "TippyTests" */;
			buildPhases = (
				4F1CDE691D904B2700DE449B /* Sources */,
				4F1CDE6A1D904B2700DE449B /* Frameworks */,
				4F1CDE6B1D904B2700DE449B /* Resources */,
			);
			buildRules = (
			);
			dependencies = (
				4F1CDE6F1D904B2700DE449B /* PBXTargetDependency */,
			);
			name = TippyTests;
			productName = TippyTests;
			productReference = 4F1CDE6D1D904B2700DE449B /* TippyTests.xctest */;
			productType = "com.apple.product-type.bundle.unit-test";
		};
/* End PBXNativeTarget section */

/* Begin PBXProject section */
		4F1CDE511D904B2700DE449B /* Project object */ = {
			isa = PBXProject;
			attributes = {
				LastSwiftUpdateCheck = 0730;
				LastUpgradeCheck = 0730;
				ORGANIZATIONNAME = andyjiang;
				TargetAttributes = {
					4F1CDE581D904B2700DE449B = {
						CreatedOnToolsVersion = 7.3.1;
					};
					4F1CDE6C1D904B2700DE449B = {
						CreatedOnToolsVersion = 7.3.1;
						TestTargetID = 4F1CDE581D904B2700DE449B;
					};
				};
			};
			buildConfigurationList = 4F1CDE541D904B2700DE449B /* Build configuration list for PBXProject "Tippy" */;
			compatibilityVersion = "Xcode 3.2";
			developmentRegion = English;
			hasScannedForEncodings = 0;
			knownRegions = (
				en,
				Base,
			);
			mainGroup = 4F1CDE501D904B2700DE449B;
			productRefGroup = 4F1CDE5A1D904B2700DE449B /* Products */;
			projectDirPath = "";
			projectRoot = "";
			targets = (
				4F1CDE581D904B2700DE449B /* Tippy */,
				4F1CDE6C1D904B2700DE449B /* TippyTests */,
			);
		};
/* End PBXProject section */

/* Begin PBXResourcesBuildPhase section */
		4F1CDE571D904B2700DE449B /* Resources */ = {
			isa = PBXResourcesBuildPhase;
			buildActionMask = 2147483647;
			files = (
				4F1CDE671D904B2700DE449B /* LaunchScreen.storyboard in Resources */,
				4F1CDE641D904B2700DE449B /* Assets.xcassets in Resources */,
				4F1CDE621D904B2700DE449B /* Main.storyboard in Resources */,
			);
			runOnlyForDeploymentPostprocessing = 0;
		};
		4F1CDE6B1D904B2700DE449B /* Resources */ = {
			isa = PBXResourcesBuildPhase;
			buildActionMask = 2147483647;
			files = (
			);
			runOnlyForDeploymentPostprocessing = 0;
		};
/* End PBXResourcesBuildPhase section */

/* Begin PBXSourcesBuildPhase section */
		4F1CDE551D904B2700DE449B /* Sources */ = {
			isa = PBXSourcesBuildPhase;
			buildActionMask = 2147483647;
			files = (
				4F1CDE5F1D904B2700DE449B /* ViewController.swift in Sources */,
				4F1CDE5D1D904B2700DE449B /* AppDelegate.swift in Sources */,
				4F7897CC1D905F2D00394A10 /* SettingsViewController.swift in Sources */,
			);
			runOnlyForDeploymentPostprocessing = 0;
		};
		4F1CDE691D904B2700DE449B /* Sources */ = {
			isa = PBXSourcesBuildPhase;
			buildActionMask = 2147483647;
			files = (
				4F1CDE721D904B2700DE449B /* TippyTests.swift in Sources */,
			);
			runOnlyForDeploymentPostprocessing = 0;
		};
/* End PBXSourcesBuildPhase section */

/* Begin PBXTargetDependency section */
		4F1CDE6F1D904B2700DE449B /* PBXTargetDependency */ = {
			isa = PBXTargetDependency;
			target = 4F1CDE581D904B2700DE449B /* Tippy */;
			targetProxy = 4F1CDE6E1D904B2700DE449B /* PBXContainerItemProxy */;
		};
/* End PBXTargetDependency section */

/* Begin PBXVariantGroup section */
		4F1CDE601D904B2700DE449B /* Main.storyboard */ = {
			isa = PBXVariantGroup;
			children = (
				4F1CDE611D904B2700DE449B /* Base */,
			);
			name = Main.storyboard;
			sourceTree = "<group>";
		};
		4F1CDE651D904B2700DE449B /* LaunchScreen.storyboard */ = {
			isa = PBXVariantGroup;
			children = (
				4F1CDE661D904B2700DE449B /* Base */,
			);
			name = LaunchScreen.storyboard;
			sourceTree = "<group>";
		};
/* End PBXVariantGroup section */

/* Begin XCBuildConfiguration section */
		4F1CDE741D904B2700DE449B /* Debug */ = {
			isa = XCBuildConfiguration;
			buildSettings = {
				ALWAYS_SEARCH_USER_PATHS = NO;
				CLANG_ANALYZER_NONNULL = YES;
				CLANG_CXX_LANGUAGE_STANDARD = "gnu++0x";
				CLANG_CXX_LIBRARY = "libc++";
				CLANG_ENABLE_MODULES = YES;
				CLANG_ENABLE_OBJC_ARC = YES;
				CLANG_WARN_BOOL_CONVERSION = YES;
				CLANG_WARN_CONSTANT_CONVERSION = YES;
				CLANG_WARN_DIRECT_OBJC_ISA_USAGE = YES_ERROR;
				CLANG_WARN_EMPTY_BODY = YES;
				CLANG_WARN_ENUM_CONVERSION = YES;
				CLANG_WARN_INT_CONVERSION = YES;
				CLANG_WARN_OBJC_ROOT_CLASS = YES_ERROR;
				CLANG_WARN_UNREACHABLE_CODE = YES;
				CLANG_WARN__DUPLICATE_METHOD_MATCH = YES;
				"CODE_SIGN_IDENTITY[sdk=iphoneos*]" = "iPhone Developer";
				COPY_PHASE_STRIP = NO;
				DEBUG_INFORMATION_FORMAT = dwarf;
				ENABLE_STRICT_OBJC_MSGSEND = YES;
				ENABLE_TESTABILITY = YES;
				GCC_C_LANGUAGE_STANDARD = gnu99;
				GCC_DYNAMIC_NO_PIC = NO;
				GCC_NO_COMMON_BLOCKS = YES;
				GCC_OPTIMIZATION_LEVEL = 0;
				GCC_PREPROCESSOR_DEFINITIONS = (
					"DEBUG=1",
					"$(inherited)",
				);
				GCC_WARN_64_TO_32_BIT_CONVERSION = YES;
				GCC_WARN_ABOUT_RETURN_TYPE = YES_ERROR;
				GCC_WARN_UNDECLARED_SELECTOR = YES;
				GCC_WARN_UNINITIALIZED_AUTOS = YES_AGGRESSIVE;
				GCC_WARN_UNUSED_FUNCTION = YES;
				GCC_WARN_UNUSED_VARIABLE = YES;
				IPHONEOS_DEPLOYMENT_TARGET = 9.3;
				MTL_ENABLE_DEBUG_INFO = YES;
				ONLY_ACTIVE_ARCH = YES;
				SDKROOT = iphoneos;
				SWIFT_OPTIMIZATION_LEVEL = "-Onone";
			};
			name = Debug;
		};
		4F1CDE751D904B2700DE449B /* Release */ = {
			isa = XCBuildConfiguration;
			buildSettings = {
				ALWAYS_SEARCH_USER_PATHS = NO;
				CLANG_ANALYZER_NONNULL = YES;
				CLANG_CXX_LANGUAGE_STANDARD = "gnu++0x";
				CLANG_CXX_LIBRARY = "libc++";
				CLANG_ENABLE_MODULES = YES;
				CLANG_ENABLE_OBJC_ARC = YES;
				CLANG_WARN_BOOL_CONVERSION = YES;
				CLANG_WARN_CONSTANT_CONVERSION = YES;
				CLANG_WARN_DIRECT_OBJC_ISA_USAGE = YES_ERROR;
				CLANG_WARN_EMPTY_BODY = YES;
				CLANG_WARN_ENUM_CONVERSION = YES;
				CLANG_WARN_INT_CONVERSION = YES;
				CLANG_WARN_OBJC_ROOT_CLASS = YES_ERROR;
				CLANG_WARN_UNREACHABLE_CODE = YES;
				CLANG_WARN__DUPLICATE_METHOD_MATCH = YES;
				"CODE_SIGN_IDENTITY[sdk=iphoneos*]" = "iPhone Developer";
				COPY_PHASE_STRIP = NO;
				DEBUG_INFORMATION_FORMAT = "dwarf-with-dsym";
				ENABLE_NS_ASSERTIONS = NO;
				ENABLE_STRICT_OBJC_MSGSEND = YES;
				GCC_C_LANGUAGE_STANDARD = gnu99;
				GCC_NO_COMMON_BLOCKS = YES;
				GCC_WARN_64_TO_32_BIT_CONVERSION = YES;
				GCC_WARN_ABOUT_RETURN_TYPE = YES_ERROR;
				GCC_WARN_UNDECLARED_SELECTOR = YES;
				GCC_WARN_UNINITIALIZED_AUTOS = YES_AGGRESSIVE;
				GCC_WARN_UNUSED_FUNCTION = YES;
				GCC_WARN_UNUSED_VARIABLE = YES;
				IPHONEOS_DEPLOYMENT_TARGET = 9.3;
				MTL_ENABLE_DEBUG_INFO = NO;
				SDKROOT = iphoneos;
				VALIDATE_PRODUCT = YES;
			};
			name = Release;
		};
		4F1CDE771D904B2700DE449B /* Debug */ = {
			isa = XCBuildConfiguration;
			buildSettings = {
				ASSETCATALOG_COMPILER_APPICON_NAME = AppIcon;
				INFOPLIST_FILE = Tippy/Info.plist;
				LD_RUNPATH_SEARCH_PATHS = "$(inherited) @executable_path/Frameworks";
				PRODUCT_BUNDLE_IDENTIFIER = com.example.Tippy;
				PRODUCT_NAME = "$(TARGET_NAME)";
			};
			name = Debug;
		};
		4F1CDE781D904B2700DE449B /* Release */ = {
			isa = XCBuildConfiguration;
			buildSettings = {
				ASSETCATALOG_COMPILER_APPICON_NAME = AppIcon;
				INFOPLIST_FILE = Tippy/Info.plist;
				LD_RUNPATH_SEARCH_PATHS = "$(inherited) @executable_path/Frameworks";
				PRODUCT_BUNDLE_IDENTIFIER = com.example.Tippy;
				PRODUCT_NAME = "$(TARGET_NAME)";
			};
			name = Release;
		};
		4F1CDE7A1D904B2700DE449B /* Debug */ = {
			isa = XCBuildConfiguration;
			buildSettings = {
				BUNDLE_LOADER = "$(TEST_HOST)";
				INFOPLIST_FILE = TippyTests/Info.plist;
				LD_RUNPATH_SEARCH_PATHS = "$(inherited) @executable_path/Frameworks @loader_path/Frameworks";
				PRODUCT_BUNDLE_IDENTIFIER = com.example.TippyTests;
				PRODUCT_NAME = "$(TARGET_NAME)";
				TEST_HOST = "$(BUILT_PRODUCTS_DIR)/Tippy.app/Tippy";
			};
			name = Debug;
		};
		4F1CDE7B1D904B2700DE449B /* Release */ = {
			isa = XCBuildConfiguration;
			buildSettings = {
				BUNDLE_LOADER = "$(TEST_HOST)";
				INFOPLIST_FILE = TippyTests/Info.plist;
				LD_RUNPATH_SEARCH_PATHS = "$(inherited) @executable_path/Frameworks @loader_path/Frameworks";
				PRODUCT_BUNDLE_IDENTIFIER = com.example.TippyTests;
				PRODUCT_NAME = "$(TARGET_NAME)";
				TEST_HOST = "$(BUILT_PRODUCTS_DIR)/Tippy.app/Tippy";
			};
			name = Release;
		};
/* End XCBuildConfiguration section */

/* Begin XCConfigurationList section */
		4F1CDE541D904B2700DE449B /* Build configuration list for PBXProject "Tippy" */ = {
			isa = XCConfigurationList;
			buildConfigurations = (
				4F1CDE741D904B2700DE449B /* Debug */,
				4F1CDE751D904B2700DE449B /* Release */,
			);
			defaultConfigurationIsVisible = 0;
			defaultConfigurationName = Release;
		};
		4F1CDE761D904B2700DE449B /* Build configuration list for PBXNativeTarget "Tippy" */ = {
			isa = XCConfigurationList;
			buildConfigurations = (
				4F1CDE771D904B2700DE449B /* Debug */,
				4F1CDE781D904B2700DE449B /* Release */,
			);
			defaultConfigurationIsVisible = 0;
			defaultConfigurationName = Release;
		};
		4F1CDE791D904B2700DE449B /* Build configuration list for PBXNativeTarget "TippyTests" */ = {
			isa = XCConfigurationList;
			buildConfigurations = (
				4F1CDE7A1D904B2700DE449B /* Debug */,
				4F1CDE7B1D904B2700DE449B /* Release */,
			);
			defaultConfigurationIsVisible = 0;
			defaultConfigurationName = Release;
		};
/* End XCConfigurationList section */
	};
	rootObject = 4F1CDE511D904B2700DE449B /* Project object */;
}
